
Microsoft Visual Studio Solution File, Format Version 12.00
# Visual Studio Version 16
VisualStudioVersion = 16.0.30804.86
MinimumVisualStudioVersion = 10.0.40219.1
Project("{FAE04EC0-301F-11D3-BF4B-00C04F79EFBC}") = "AzureDevOpsHelperLib", "AzureDevOpsHelperLib.csproj", "{A2FE0A9F-6A23-4236-BEBA-37A880EBCC67}"
EndProject
Global
	GlobalSection(SolutionConfigurationPlatforms) = preSolution
		Debug|Any CPU = Debug|Any CPU
		Release|Any CPU = Release|Any CPU
	EndGlobalSection
	GlobalSection(ProjectConfigurationPlatforms) = postSolution
		{A2FE0A9F-6A23-4236-BEBA-37A880EBCC67}.Debug|Any CPU.ActiveCfg = Debug|Any CPU
		{A2FE0A9F-6A23-4236-BEBA-37A880EBCC67}.Debug|Any CPU.Build.0 = Debug|Any CPU
		{A2FE0A9F-6A23-4236-BEBA-37A880EBCC67}.Release|Any CPU.ActiveCfg = Release|Any CPU
		{A2FE0A9F-6A23-4236-BEBA-37A880EBCC67}.Release|Any CPU.Build.0 = Release|Any CPU
	EndGlobalSection
	GlobalSection(SolutionProperties) = preSolution
		HideSolutionNode = FALSE
	EndGlobalSection
	GlobalSection(ExtensibilityGlobals) = postSolution
		SolutionGuid = {194C7668-9EC7-4D28-B8AB-FEADA5FB365E}
	EndGlobalSection
EndGlobal
